
Microsoft Visual Studio Solution File, Format Version 12.00
# Visual Studio Version 17
VisualStudioVersion = 17.7.34009.444
MinimumVisualStudioVersion = 10.0.40219.1
Project("{8BC9CEB8-8B4A-11D0-8D11-00A0C91BC942}") = "7-Summation-From-1-To-N", "7-Summation-From-1-To-N\7-Summation-From-1-To-N.vcxproj", "{40E5338A-3F65-4F02-9ACC-86FE5E3993FB}"
EndProject
Global
	GlobalSection(SolutionConfigurationPlatforms) = preSolution
		Debug|x64 = Debug|x64
		Debug|x86 = Debug|x86
		Release|x64 = Release|x64
		Release|x86 = Release|x86
	EndGlobalSection
	GlobalSection(ProjectConfigurationPlatforms) = postSolution
		{40E5338A-3F65-4F02-9ACC-86FE5E3993FB}.Debug|x64.ActiveCfg = Debug|x64
		{40E5338A-3F65-4F02-9ACC-86FE5E3993FB}.Debug|x64.Build.0 = Debug|x64
		{40E5338A-3F65-4F02-9ACC-86FE5E3993FB}.Debug|x86.ActiveCfg = Debug|Win32
		{40E5338A-3F65-4F02-9ACC-86FE5E3993FB}.Debug|x86.Build.0 = Debug|Win32
		{40E5338A-3F65-4F02-9ACC-86FE5E3993FB}.Release|x64.ActiveCfg = Release|x64
		{40E5338A-3F65-4F02-9ACC-86FE5E3993FB}.Release|x64.Build.0 = Release|x64
		{40E5338A-3F65-4F02-9ACC-86FE5E3993FB}.Release|x86.ActiveCfg = Release|Win32
		{40E5338A-3F65-4F02-9ACC-86FE5E3993FB}.Release|x86.Build.0 = Release|Win32
	EndGlobalSection
	GlobalSection(SolutionProperties) = preSolution
		HideSolutionNode = FALSE
	EndGlobalSection
	GlobalSection(ExtensibilityGlobals) = postSolution
		SolutionGuid = {BBE7DD7D-29B7-47ED-8773-EF48E4D9E6B8}
	EndGlobalSection
EndGlobal
